
Microsoft Visual Studio Solution File, Format Version 12.00
# Visual Studio Version 17
VisualStudioVersion = 17.8.34511.84
MinimumVisualStudioVersion = 10.0.40219.1
Project("{FAE04EC0-301F-11D3-BF4B-00C04F79EFBC}") = "Form1", "Form1\Form1.csproj", "{8792EF8B-5EC5-499B-9F41-91CFC59185BB}"
EndProject
Global
	GlobalSection(SolutionConfigurationPlatforms) = preSolution
		Debug|Any CPU = Debug|Any CPU
		Release|Any CPU = Release|Any CPU
	EndGlobalSection
	GlobalSection(ProjectConfigurationPlatforms) = postSolution
		{8792EF8B-5EC5-499B-9F41-91CFC59185BB}.Debug|Any CPU.ActiveCfg = Debug|Any CPU
		{8792EF8B-5EC5-499B-9F41-91CFC59185BB}.Debug|Any CPU.Build.0 = Debug|Any CPU
		{8792EF8B-5EC5-499B-9F41-91CFC59185BB}.Release|Any CPU.ActiveCfg = Release|Any CPU
		{8792EF8B-5EC5-499B-9F41-91CFC59185BB}.Release|Any CPU.Build.0 = Release|Any CPU
	EndGlobalSection
	GlobalSection(SolutionProperties) = preSolution
		HideSolutionNode = FALSE
	EndGlobalSection
	GlobalSection(ExtensibilityGlobals) = postSolution
		SolutionGuid = {74D3DC9C-6A9E-42F7-AF4D-8BAF02037206}
	EndGlobalSection
EndGlobal
